// !$*UTF8*$!
{
	archiveVersion = 1;
	classes = {
	};
	objectVersion = 46;
	objects = {

/* Begin PBXBuildFile section */
		2B33748E81D002FC25C8BEEE /* Pods_VideoFilterTests.framework in Frameworks */ = {isa = PBXBuildFile; fileRef = 506AEBA1C1950E156359AF71 /* Pods_VideoFilterTests.framework */; };
		6D0FEF19EDFC9C1380377F3F /* Pods_VideoFilterUITests.framework in Frameworks */ = {isa = PBXBuildFile; fileRef = D857235DA3970C584C2185AD /* Pods_VideoFilterUITests.framework */; };
		828457B91E67B1C9009BFA43 /* EleganceFilter.swift in Sources */ = {isa = PBXBuildFile; fileRef = 828457B81E67B1C9009BFA43 /* EleganceFilter.swift */; };
		828457BD1E68060D009BFA43 /* VideoFilter.swift in Sources */ = {isa = PBXBuildFile; fileRef = 828457BC1E68060D009BFA43 /* VideoFilter.swift */; };
		82AB28B01E5EE9740028F528 /* AppDelegate.swift in Sources */ = {isa = PBXBuildFile; fileRef = 82AB28AF1E5EE9740028F528 /* AppDelegate.swift */; };
		82AB28B21E5EE9740028F528 /* ViewController.swift in Sources */ = {isa = PBXBuildFile; fileRef = 82AB28B11E5EE9740028F528 /* ViewController.swift */; };
		82AB28B51E5EE9740028F528 /* Main.storyboard in Resources */ = {isa = PBXBuildFile; fileRef = 82AB28B31E5EE9740028F528 /* Main.storyboard */; };
		82AB28B71E5EE9740028F528 /* Assets.xcassets in Resources */ = {isa = PBXBuildFile; fileRef = 82AB28B61E5EE9740028F528 /* Assets.xcassets */; };
		82AB28BA1E5EE9740028F528 /* LaunchScreen.storyboard in Resources */ = {isa = PBXBuildFile; fileRef = 82AB28B81E5EE9740028F528 /* LaunchScreen.storyboard */; };
		82AB28C51E5EE9740028F528 /* VideoFilterTests.swift in Sources */ = {isa = PBXBuildFile; fileRef = 82AB28C41E5EE9740028F528 /* VideoFilterTests.swift */; };
		82AB28D01E5EE9740028F528 /* VideoFilterUITests.swift in Sources */ = {isa = PBXBuildFile; fileRef = 82AB28CF1E5EE9740028F528 /* VideoFilterUITests.swift */; };
		82AB28DF1E5F07A30028F528 /* PlayerView.swift in Sources */ = {isa = PBXBuildFile; fileRef = 82AB28DE1E5F07A30028F528 /* PlayerView.swift */; };
		82AB28E01E5FCE860028F528 /* snowboarding_480p.m4v in Resources */ = {isa = PBXBuildFile; fileRef = 82AB28DD1E5EF7F20028F528 /* snowboarding_480p.m4v */; };
		82DB0EE41E6D720E00CF1CB8 /* filter_antique.acv in Resources */ = {isa = PBXBuildFile; fileRef = 82DB0EDE1E6D711800CF1CB8 /* filter_antique.acv */; };
		82DB0EE51E6D720E00CF1CB8 /* filter_aqua.acv in Resources */ = {isa = PBXBuildFile; fileRef = 82DB0EDF1E6D711800CF1CB8 /* filter_aqua.acv */; };
		82DB0EE61E6D720E00CF1CB8 /* filter_dynamic.acv in Resources */ = {isa = PBXBuildFile; fileRef = 82DB0EE01E6D711800CF1CB8 /* filter_dynamic.acv */; };
		82DB0EE71E6D720E00CF1CB8 /* filter_elegance.acv in Resources */ = {isa = PBXBuildFile; fileRef = 82DB0EE11E6D711800CF1CB8 /* filter_elegance.acv */; };
		82DB0EE81E6D720E00CF1CB8 /* filter_light.acv in Resources */ = {isa = PBXBuildFile; fileRef = 82DB0EE21E6D711800CF1CB8 /* filter_light.acv */; };
		82DB0EE91E6D720E00CF1CB8 /* filter_toy.acv in Resources */ = {isa = PBXBuildFile; fileRef = 82DB0EE31E6D711800CF1CB8 /* filter_toy.acv */; };
		82DB0EEB1E6D726500CF1CB8 /* AquaFilter.swift in Sources */ = {isa = PBXBuildFile; fileRef = 82DB0EEA1E6D726500CF1CB8 /* AquaFilter.swift */; };
		82DB0EED1E6D729A00CF1CB8 /* LightFilter.swift in Sources */ = {isa = PBXBuildFile; fileRef = 82DB0EEC1E6D729A00CF1CB8 /* LightFilter.swift */; };
		82DB0EEF1E6D72D400CF1CB8 /* ToyFilter.swift in Sources */ = {isa = PBXBuildFile; fileRef = 82DB0EEE1E6D72D400CF1CB8 /* ToyFilter.swift */; };
		82DB0EF11E6D733D00CF1CB8 /* AntiqueFilter.swift in Sources */ = {isa = PBXBuildFile; fileRef = 82DB0EF01E6D733D00CF1CB8 /* AntiqueFilter.swift */; };
		82DB0EF31E6D783C00CF1CB8 /* OriginalFilter.swift in Sources */ = {isa = PBXBuildFile; fileRef = 82DB0EF21E6D783C00CF1CB8 /* OriginalFilter.swift */; };
		82DB0EF51E6D7A6600CF1CB8 /* EchoFilter.swift in Sources */ = {isa = PBXBuildFile; fileRef = 82DB0EF41E6D7A6600CF1CB8 /* EchoFilter.swift */; };
		82DB0EF71E6D7C5500CF1CB8 /* ballet.m4v in Resources */ = {isa = PBXBuildFile; fileRef = 82DB0EF61E6D7C5500CF1CB8 /* ballet.m4v */; };
		82E4BD4A1E6EC2B2008AF03E /* FlareFilter.swift in Sources */ = {isa = PBXBuildFile; fileRef = 82E4BD491E6EC2B2008AF03E /* FlareFilter.swift */; };
		82E4BD4C1E6EC375008AF03E /* overlay_flare.mp4 in Resources */ = {isa = PBXBuildFile; fileRef = 82E4BD4B1E6EC375008AF03E /* overlay_flare.mp4 */; };
		82F976D21E643107008163E1 /* DynamicFilter.swift in Sources */ = {isa = PBXBuildFile; fileRef = 82F976D11E643107008163E1 /* DynamicFilter.swift */; };
		82F976D61E656B4F008163E1 /* default.acv in Resources */ = {isa = PBXBuildFile; fileRef = 82F976D51E6568F5008163E1 /* default.acv */; };
		A48E1C40FD60C75685DEDDA3 /* Pods_VideoFilter.framework in Frameworks */ = {isa = PBXBuildFile; fileRef = A1426FD3BC87D8451B798185 /* Pods_VideoFilter.framework */; };
/* End PBXBuildFile section */

/* Begin PBXContainerItemProxy section */
		82AB28C11E5EE9740028F528 /* PBXContainerItemProxy */ = {
			isa = PBXContainerItemProxy;
			containerPortal = 82AB28A41E5EE9730028F528 /* Project object */;
			proxyType = 1;
			remoteGlobalIDString = 82AB28AB1E5EE9740028F528;
			remoteInfo = VideoFilter;
		};
		82AB28CC1E5EE9740028F528 /* PBXContainerItemProxy */ = {
			isa = PBXContainerItemProxy;
			containerPortal = 82AB28A41E5EE9730028F528 /* Project object */;
			proxyType = 1;
			remoteGlobalIDString = 82AB28AB1E5EE9740028F528;
			remoteInfo = VideoFilter;
		};
/* End PBXContainerItemProxy section */

/* Begin PBXFileReference section */
		18C4E19FD8E199C8F1CBCE7A /* Pods-VideoFilterUITests.release.xcconfig */ = {isa = PBXFileReference; includeInIndex = 1; lastKnownFileType = text.xcconfig; name = "Pods-VideoFilterUITests.release.xcconfig"; path = "Pods/Target Support Files/Pods-VideoFilterUITests/Pods-VideoFilterUITests.release.xcconfig"; sourceTree = "<group>"; };
		506AEBA1C1950E156359AF71 /* Pods_VideoFilterTests.framework */ = {isa = PBXFileReference; explicitFileType = wrapper.framework; includeInIndex = 0; path = Pods_VideoFilterTests.framework; sourceTree = BUILT_PRODUCTS_DIR; };
		7298F1D3CD4DB876FE01AC94 /* Pods-VideoFilter.debug.xcconfig */ = {isa = PBXFileReference; includeInIndex = 1; lastKnownFileType = text.xcconfig; name = "Pods-VideoFilter.debug.xcconfig"; path = "Pods/Target Support Files/Pods-VideoFilter/Pods-VideoFilter.debug.xcconfig"; sourceTree = "<group>"; };
		76C826ADA81B458D6FE0A024 /* Pods-VideoFilterTests.release.xcconfig */ = {isa = PBXFileReference; includeInIndex = 1; lastKnownFileType = text.xcconfig; name = "Pods-VideoFilterTests.release.xcconfig"; path = "Pods/Target Support Files/Pods-VideoFilterTests/Pods-VideoFilterTests.release.xcconfig"; sourceTree = "<group>"; };
		7DB6F0A90365823E51CFBB73 /* Pods-VideoFilter.release.xcconfig */ = {isa = PBXFileReference; includeInIndex = 1; lastKnownFileType = text.xcconfig; name = "Pods-VideoFilter.release.xcconfig"; path = "Pods/Target Support Files/Pods-VideoFilter/Pods-VideoFilter.release.xcconfig"; sourceTree = "<group>"; };
		828457B81E67B1C9009BFA43 /* EleganceFilter.swift */ = {isa = PBXFileReference; fileEncoding = 4; lastKnownFileType = sourcecode.swift; path = EleganceFilter.swift; sourceTree = "<group>"; };
		828457BC1E68060D009BFA43 /* VideoFilter.swift */ = {isa = PBXFileReference; fileEncoding = 4; lastKnownFileType = sourcecode.swift; path = VideoFilter.swift; sourceTree = "<group>"; };
		82AB28AC1E5EE9740028F528 /* VideoFilter.app */ = {isa = PBXFileReference; explicitFileType = wrapper.application; includeInIndex = 0; path = VideoFilter.app; sourceTree = BUILT_PRODUCTS_DIR; };
		82AB28AF1E5EE9740028F528 /* AppDelegate.swift */ = {isa = PBXFileReference; lastKnownFileType = sourcecode.swift; path = AppDelegate.swift; sourceTree = "<group>"; };
		82AB28B11E5EE9740028F528 /* ViewController.swift */ = {isa = PBXFileReference; lastKnownFileType = sourcecode.swift; path = ViewController.swift; sourceTree = "<group>"; };
		82AB28B41E5EE9740028F528 /* Base */ = {isa = PBXFileReference; lastKnownFileType = file.storyboard; name = Base; path = Base.lproj/Main.storyboard; sourceTree = "<group>"; };
		82AB28B61E5EE9740028F528 /* Assets.xcassets */ = {isa = PBXFileReference; lastKnownFileType = folder.assetcatalog; path = Assets.xcassets; sourceTree = "<group>"; };
		82AB28B91E5EE9740028F528 /* Base */ = {isa = PBXFileReference; lastKnownFileType = file.storyboard; name = Base; path = Base.lproj/LaunchScreen.storyboard; sourceTree = "<group>"; };
		82AB28BB1E5EE9740028F528 /* Info.plist */ = {isa = PBXFileReference; lastKnownFileType = text.plist.xml; path = Info.plist; sourceTree = "<group>"; };
		82AB28C01E5EE9740028F528 /* VideoFilterTests.xctest */ = {isa = PBXFileReference; explicitFileType = wrapper.cfbundle; includeInIndex = 0; path = VideoFilterTests.xctest; sourceTree = BUILT_PRODUCTS_DIR; };
		82AB28C41E5EE9740028F528 /* VideoFilterTests.swift */ = {isa = PBXFileReference; lastKnownFileType = sourcecode.swift; path = VideoFilterTests.swift; sourceTree = "<group>"; };
		82AB28C61E5EE9740028F528 /* Info.plist */ = {isa = PBXFileReference; lastKnownFileType = text.plist.xml; path = Info.plist; sourceTree = "<group>"; };
		82AB28CB1E5EE9740028F528 /* VideoFilterUITests.xctest */ = {isa = PBXFileReference; explicitFileType = wrapper.cfbundle; includeInIndex = 0; path = VideoFilterUITests.xctest; sourceTree = BUILT_PRODUCTS_DIR; };
		82AB28CF1E5EE9740028F528 /* VideoFilterUITests.swift */ = {isa = PBXFileReference; lastKnownFileType = sourcecode.swift; path = VideoFilterUITests.swift; sourceTree = "<group>"; };
		82AB28D11E5EE9740028F528 /* Info.plist */ = {isa = PBXFileReference; lastKnownFileType = text.plist.xml; path = Info.plist; sourceTree = "<group>"; };
		82AB28DD1E5EF7F20028F528 /* snowboarding_480p.m4v */ = {isa = PBXFileReference; lastKnownFileType = file; path = snowboarding_480p.m4v; sourceTree = "<group>"; };
		82AB28DE1E5F07A30028F528 /* PlayerView.swift */ = {isa = PBXFileReference; fileEncoding = 4; lastKnownFileType = sourcecode.swift; path = PlayerView.swift; sourceTree = "<group>"; };
		82DB0EDE1E6D711800CF1CB8 /* filter_antique.acv */ = {isa = PBXFileReference; lastKnownFileType = file; path = filter_antique.acv; sourceTree = "<group>"; };
		82DB0EDF1E6D711800CF1CB8 /* filter_aqua.acv */ = {isa = PBXFileReference; lastKnownFileType = file; path = filter_aqua.acv; sourceTree = "<group>"; };
		82DB0EE01E6D711800CF1CB8 /* filter_dynamic.acv */ = {isa = PBXFileReference; lastKnownFileType = file; path = filter_dynamic.acv; sourceTree = "<group>"; };
		82DB0EE11E6D711800CF1CB8 /* filter_elegance.acv */ = {isa = PBXFileReference; lastKnownFileType = file; path = filter_elegance.acv; sourceTree = "<group>"; };
		82DB0EE21E6D711800CF1CB8 /* filter_light.acv */ = {isa = PBXFileReference; lastKnownFileType = file; path = filter_light.acv; sourceTree = "<group>"; };
		82DB0EE31E6D711800CF1CB8 /* filter_toy.acv */ = {isa = PBXFileReference; lastKnownFileType = file; path = filter_toy.acv; sourceTree = "<group>"; };
		82DB0EEA1E6D726500CF1CB8 /* AquaFilter.swift */ = {isa = PBXFileReference; fileEncoding = 4; lastKnownFileType = sourcecode.swift; path = AquaFilter.swift; sourceTree = "<group>"; };
		82DB0EEC1E6D729A00CF1CB8 /* LightFilter.swift */ = {isa = PBXFileReference; fileEncoding = 4; lastKnownFileType = sourcecode.swift; path = LightFilter.swift; sourceTree = "<group>"; };
		82DB0EEE1E6D72D400CF1CB8 /* ToyFilter.swift */ = {isa = PBXFileReference; fileEncoding = 4; lastKnownFileType = sourcecode.swift; path = ToyFilter.swift; sourceTree = "<group>"; };
		82DB0EF01E6D733D00CF1CB8 /* AntiqueFilter.swift */ = {isa = PBXFileReference; fileEncoding = 4; lastKnownFileType = sourcecode.swift; path = AntiqueFilter.swift; sourceTree = "<group>"; };
		82DB0EF21E6D783C00CF1CB8 /* OriginalFilter.swift */ = {isa = PBXFileReference; fileEncoding = 4; lastKnownFileType = sourcecode.swift; path = OriginalFilter.swift; sourceTree = "<group>"; };
		82DB0EF41E6D7A6600CF1CB8 /* EchoFilter.swift */ = {isa = PBXFileReference; fileEncoding = 4; lastKnownFileType = sourcecode.swift; path = EchoFilter.swift; sourceTree = "<group>"; };
		82DB0EF61E6D7C5500CF1CB8 /* ballet.m4v */ = {isa = PBXFileReference; lastKnownFileType = file; path = ballet.m4v; sourceTree = "<group>"; };
		82E4BD491E6EC2B2008AF03E /* FlareFilter.swift */ = {isa = PBXFileReference; fileEncoding = 4; lastKnownFileType = sourcecode.swift; path = FlareFilter.swift; sourceTree = "<group>"; };
		82E4BD4B1E6EC375008AF03E /* overlay_flare.mp4 */ = {isa = PBXFileReference; lastKnownFileType = file; path = overlay_flare.mp4; sourceTree = "<group>"; };
		82F976D11E643107008163E1 /* DynamicFilter.swift */ = {isa = PBXFileReference; fileEncoding = 4; lastKnownFileType = sourcecode.swift; path = DynamicFilter.swift; sourceTree = "<group>"; };
		82F976D51E6568F5008163E1 /* default.acv */ = {isa = PBXFileReference; lastKnownFileType = file; path = default.acv; sourceTree = "<group>"; };
		A1426FD3BC87D8451B798185 /* Pods_VideoFilter.framework */ = {isa = PBXFileReference; explicitFileType = wrapper.framework; includeInIndex = 0; path = Pods_VideoFilter.framework; sourceTree = BUILT_PRODUCTS_DIR; };
		BC8380FD259B55995CD36D07 /* Pods-VideoFilterUITests.debug.xcconfig */ = {isa = PBXFileReference; includeInIndex = 1; lastKnownFileType = text.xcconfig; name = "Pods-VideoFilterUITests.debug.xcconfig"; path = "Pods/Target Support Files/Pods-VideoFilterUITests/Pods-VideoFilterUITests.debug.xcconfig"; sourceTree = "<group>"; };
		D857235DA3970C584C2185AD /* Pods_VideoFilterUITests.framework */ = {isa = PBXFileReference; explicitFileType = wrapper.framework; includeInIndex = 0; path = Pods_VideoFilterUITests.framework; sourceTree = BUILT_PRODUCTS_DIR; };
		E87E9217945DCE27743B9EDC /* Pods-VideoFilterTests.debug.xcconfig */ = {isa = PBXFileReference; includeInIndex = 1; lastKnownFileType = text.xcconfig; name = "Pods-VideoFilterTests.debug.xcconfig"; path = "Pods/Target Support Files/Pods-VideoFilterTests/Pods-VideoFilterTests.debug.xcconfig"; sourceTree = "<group>"; };
/* End PBXFileReference section */

/* Begin PBXFrameworksBuildPhase section */
		82AB28A91E5EE9740028F528 /* Frameworks */ = {
			isa = PBXFrameworksBuildPhase;
			buildActionMask = 2147483647;
			files = (
				A48E1C40FD60C75685DEDDA3 /* Pods_VideoFilter.framework in Frameworks */,
			);
			runOnlyForDeploymentPostprocessing = 0;
		};
		82AB28BD1E5EE9740028F528 /* Frameworks */ = {
			isa = PBXFrameworksBuildPhase;
			buildActionMask = 2147483647;
			files = (
				2B33748E81D002FC25C8BEEE /* Pods_VideoFilterTests.framework in Frameworks */,
			);
			runOnlyForDeploymentPostprocessing = 0;
		};
		82AB28C81E5EE9740028F528 /* Frameworks */ = {
			isa = PBXFrameworksBuildPhase;
			buildActionMask = 2147483647;
			files = (
				6D0FEF19EDFC9C1380377F3F /* Pods_VideoFilterUITests.framework in Frameworks */,
			);
			runOnlyForDeploymentPostprocessing = 0;
		};
/* End PBXFrameworksBuildPhase section */

/* Begin PBXGroup section */
		82AB28A31E5EE9730028F528 = {
			isa = PBXGroup;
			children = (
				82AB28AE1E5EE9740028F528 /* VideoFilter */,
				82AB28C31E5EE9740028F528 /* VideoFilterTests */,
				82AB28CE1E5EE9740028F528 /* VideoFilterUITests */,
				82AB28AD1E5EE9740028F528 /* Products */,
				9DE40008B841A400E02AA5F6 /* Pods */,
				D9FA9921E345739A1786593A /* Frameworks */,
			);
			sourceTree = "<group>";
		};
		82AB28AD1E5EE9740028F528 /* Products */ = {
			isa = PBXGroup;
			children = (
				82AB28AC1E5EE9740028F528 /* VideoFilter.app */,
				82AB28C01E5EE9740028F528 /* VideoFilterTests.xctest */,
				82AB28CB1E5EE9740028F528 /* VideoFilterUITests.xctest */,
			);
			name = Products;
			sourceTree = "<group>";
		};
		82AB28AE1E5EE9740028F528 /* VideoFilter */ = {
			isa = PBXGroup;
			children = (
				82F976D01E6430E5008163E1 /* FIlters */,
				82AB28AF1E5EE9740028F528 /* AppDelegate.swift */,
				82AB28B11E5EE9740028F528 /* ViewController.swift */,
				82AB28DE1E5F07A30028F528 /* PlayerView.swift */,
				82AB28B31E5EE9740028F528 /* Main.storyboard */,
				82AB28B61E5EE9740028F528 /* Assets.xcassets */,
				82AB28DD1E5EF7F20028F528 /* snowboarding_480p.m4v */,
				82DB0EF61E6D7C5500CF1CB8 /* ballet.m4v */,
				82AB28B81E5EE9740028F528 /* LaunchScreen.storyboard */,
				82AB28BB1E5EE9740028F528 /* Info.plist */,
			);
			path = VideoFilter;
			sourceTree = "<group>";
		};
		82AB28C31E5EE9740028F528 /* VideoFilterTests */ = {
			isa = PBXGroup;
			children = (
				82AB28C41E5EE9740028F528 /* VideoFilterTests.swift */,
				82AB28C61E5EE9740028F528 /* Info.plist */,
			);
			path = VideoFilterTests;
			sourceTree = "<group>";
		};
		82AB28CE1E5EE9740028F528 /* VideoFilterUITests */ = {
			isa = PBXGroup;
			children = (
				82AB28CF1E5EE9740028F528 /* VideoFilterUITests.swift */,
				82AB28D11E5EE9740028F528 /* Info.plist */,
			);
			path = VideoFilterUITests;
			sourceTree = "<group>";
		};
		82F976D01E6430E5008163E1 /* FIlters */ = {
			isa = PBXGroup;
			children = (
				82F976D51E6568F5008163E1 /* default.acv */,
				82DB0EDE1E6D711800CF1CB8 /* filter_antique.acv */,
				82DB0EDF1E6D711800CF1CB8 /* filter_aqua.acv */,
				82DB0EE01E6D711800CF1CB8 /* filter_dynamic.acv */,
				82DB0EE11E6D711800CF1CB8 /* filter_elegance.acv */,
				82DB0EE21E6D711800CF1CB8 /* filter_light.acv */,
				82DB0EE31E6D711800CF1CB8 /* filter_toy.acv */,
				82E4BD4B1E6EC375008AF03E /* overlay_flare.mp4 */,
				828457BC1E68060D009BFA43 /* VideoFilter.swift */,
				82F976D11E643107008163E1 /* DynamicFilter.swift */,
				82E4BD491E6EC2B2008AF03E /* FlareFilter.swift */,
				82DB0EF21E6D783C00CF1CB8 /* OriginalFilter.swift */,
				82DB0EF41E6D7A6600CF1CB8 /* EchoFilter.swift */,
				82DB0EEA1E6D726500CF1CB8 /* AquaFilter.swift */,
				82DB0EEC1E6D729A00CF1CB8 /* LightFilter.swift */,
				82DB0EEE1E6D72D400CF1CB8 /* ToyFilter.swift */,
				82DB0EF01E6D733D00CF1CB8 /* AntiqueFilter.swift */,
				828457B81E67B1C9009BFA43 /* EleganceFilter.swift */,
			);
			name = FIlters;
			sourceTree = "<group>";
		};
		9DE40008B841A400E02AA5F6 /* Pods */ = {
			isa = PBXGroup;
			children = (
				7298F1D3CD4DB876FE01AC94 /* Pods-VideoFilter.debug.xcconfig */,
				7DB6F0A90365823E51CFBB73 /* Pods-VideoFilter.release.xcconfig */,
				E87E9217945DCE27743B9EDC /* Pods-VideoFilterTests.debug.xcconfig */,
				76C826ADA81B458D6FE0A024 /* Pods-VideoFilterTests.release.xcconfig */,
				BC8380FD259B55995CD36D07 /* Pods-VideoFilterUITests.debug.xcconfig */,
				18C4E19FD8E199C8F1CBCE7A /* Pods-VideoFilterUITests.release.xcconfig */,
			);
			name = Pods;
			sourceTree = "<group>";
		};
		D9FA9921E345739A1786593A /* Frameworks */ = {
			isa = PBXGroup;
			children = (
				A1426FD3BC87D8451B798185 /* Pods_VideoFilter.framework */,
				506AEBA1C1950E156359AF71 /* Pods_VideoFilterTests.framework */,
				D857235DA3970C584C2185AD /* Pods_VideoFilterUITests.framework */,
			);
			name = Frameworks;
			sourceTree = "<group>";
		};
/* End PBXGroup section */

/* Begin PBXNativeTarget section */
		82AB28AB1E5EE9740028F528 /* VideoFilter */ = {
			isa = PBXNativeTarget;
			buildConfigurationList = 82AB28D41E5EE9740028F528 /* Build configuration list for PBXNativeTarget "VideoFilter" */;
			buildPhases = (
				E8CE822EC1BA060C575D0B87 /* [CP] Check Pods Manifest.lock */,
				82AB28A81E5EE9740028F528 /* Sources */,
				82AB28A91E5EE9740028F528 /* Frameworks */,
				82AB28AA1E5EE9740028F528 /* Resources */,
				C84D87C27507BC028777541F /* [CP] Embed Pods Frameworks */,
				C5C965135164D9CEBB3F3CFE /* [CP] Copy Pods Resources */,
			);
			buildRules = (
			);
			dependencies = (
			);
			name = VideoFilter;
			productName = VideoFilter;
			productReference = 82AB28AC1E5EE9740028F528 /* VideoFilter.app */;
			productType = "com.apple.product-type.application";
		};
		82AB28BF1E5EE9740028F528 /* VideoFilterTests */ = {
			isa = PBXNativeTarget;
			buildConfigurationList = 82AB28D71E5EE9740028F528 /* Build configuration list for PBXNativeTarget "VideoFilterTests" */;
			buildPhases = (
				ABFC79DA7C8DC2852F07F0AB /* [CP] Check Pods Manifest.lock */,
				82AB28BC1E5EE9740028F528 /* Sources */,
				82AB28BD1E5EE9740028F528 /* Frameworks */,
				82AB28BE1E5EE9740028F528 /* Resources */,
				521788E32629E7D03FAA8138 /* [CP] Embed Pods Frameworks */,
				74F808F038B478D6115E6C19 /* [CP] Copy Pods Resources */,
			);
			buildRules = (
			);
			dependencies = (
				82AB28C21E5EE9740028F528 /* PBXTargetDependency */,
			);
			name = VideoFilterTests;
			productName = VideoFilterTests;
			productReference = 82AB28C01E5EE9740028F528 /* VideoFilterTests.xctest */;
			productType = "com.apple.product-type.bundle.unit-test";
		};
		82AB28CA1E5EE9740028F528 /* VideoFilterUITests */ = {
			isa = PBXNativeTarget;
			buildConfigurationList = 82AB28DA1E5EE9740028F528 /* Build configuration list for PBXNativeTarget "VideoFilterUITests" */;
			buildPhases = (
				DC3CFE479D8377FC07335742 /* [CP] Check Pods Manifest.lock */,
				82AB28C71E5EE9740028F528 /* Sources */,
				82AB28C81E5EE9740028F528 /* Frameworks */,
				82AB28C91E5EE9740028F528 /* Resources */,
				48679260CBC22F46E15C24A3 /* [CP] Embed Pods Frameworks */,
				79F06CBC08FDFEE9345A8297 /* [CP] Copy Pods Resources */,
			);
			buildRules = (
			);
			dependencies = (
				82AB28CD1E5EE9740028F528 /* PBXTargetDependency */,
			);
			name = VideoFilterUITests;
			productName = VideoFilterUITests;
			productReference = 82AB28CB1E5EE9740028F528 /* VideoFilterUITests.xctest */;
			productType = "com.apple.product-type.bundle.ui-testing";
		};
/* End PBXNativeTarget section */

/* Begin PBXProject section */
		82AB28A41E5EE9730028F528 /* Project object */ = {
			isa = PBXProject;
			attributes = {
				LastSwiftUpdateCheck = 0820;
				LastUpgradeCheck = 0820;
				ORGANIZATIONNAME = dope.industries;
				TargetAttributes = {
					82AB28AB1E5EE9740028F528 = {
						CreatedOnToolsVersion = 8.2.1;
						DevelopmentTeam = 2L63G689GW;
						ProvisioningStyle = Automatic;
					};
					82AB28BF1E5EE9740028F528 = {
						CreatedOnToolsVersion = 8.2.1;
						DevelopmentTeam = 2L63G689GW;
						ProvisioningStyle = Automatic;
						TestTargetID = 82AB28AB1E5EE9740028F528;
					};
					82AB28CA1E5EE9740028F528 = {
						CreatedOnToolsVersion = 8.2.1;
						DevelopmentTeam = 2L63G689GW;
						ProvisioningStyle = Automatic;
						TestTargetID = 82AB28AB1E5EE9740028F528;
					};
				};
			};
			buildConfigurationList = 82AB28A71E5EE9730028F528 /* Build configuration list for PBXProject "VideoFilter" */;
			compatibilityVersion = "Xcode 3.2";
			developmentRegion = English;
			hasScannedForEncodings = 0;
			knownRegions = (
				en,
				Base,
			);
			mainGroup = 82AB28A31E5EE9730028F528;
			productRefGroup = 82AB28AD1E5EE9740028F528 /* Products */;
			projectDirPath = "";
			projectRoot = "";
			targets = (
				82AB28AB1E5EE9740028F528 /* VideoFilter */,
				82AB28BF1E5EE9740028F528 /* VideoFilterTests */,
				82AB28CA1E5EE9740028F528 /* VideoFilterUITests */,
			);
		};
/* End PBXProject section */

/* Begin PBXResourcesBuildPhase section */
		82AB28AA1E5EE9740028F528 /* Resources */ = {
			isa = PBXResourcesBuildPhase;
			buildActionMask = 2147483647;
			files = (
				82E4BD4C1E6EC375008AF03E /* overlay_flare.mp4 in Resources */,
				82DB0EE41E6D720E00CF1CB8 /* filter_antique.acv in Resources */,
				82DB0EE51E6D720E00CF1CB8 /* filter_aqua.acv in Resources */,
				82DB0EE61E6D720E00CF1CB8 /* filter_dynamic.acv in Resources */,
				82DB0EF71E6D7C5500CF1CB8 /* ballet.m4v in Resources */,
				82DB0EE71E6D720E00CF1CB8 /* filter_elegance.acv in Resources */,
				82DB0EE81E6D720E00CF1CB8 /* filter_light.acv in Resources */,
				82DB0EE91E6D720E00CF1CB8 /* filter_toy.acv in Resources */,
				82F976D61E656B4F008163E1 /* default.acv in Resources */,
				82AB28E01E5FCE860028F528 /* snowboarding_480p.m4v in Resources */,
				82AB28BA1E5EE9740028F528 /* LaunchScreen.storyboard in Resources */,
				82AB28B71E5EE9740028F528 /* Assets.xcassets in Resources */,
				82AB28B51E5EE9740028F528 /* Main.storyboard in Resources */,
			);
			runOnlyForDeploymentPostprocessing = 0;
		};
		82AB28BE1E5EE9740028F528 /* Resources */ = {
			isa = PBXResourcesBuildPhase;
			buildActionMask = 2147483647;
			files = (
			);
			runOnlyForDeploymentPostprocessing = 0;
		};
		82AB28C91E5EE9740028F528 /* Resources */ = {
			isa = PBXResourcesBuildPhase;
			buildActionMask = 2147483647;
			files = (
			);
			runOnlyForDeploymentPostprocessing = 0;
		};
/* End PBXResourcesBuildPhase section */

/* Begin PBXShellScriptBuildPhase section */
		48679260CBC22F46E15C24A3 /* [CP] Embed Pods Frameworks */ = {
			isa = PBXShellScriptBuildPhase;
			buildActionMask = 2147483647;
			files = (
			);
			inputPaths = (
			);
			name = "[CP] Embed Pods Frameworks";
			outputPaths = (
			);
			runOnlyForDeploymentPostprocessing = 0;
			shellPath = /bin/sh;
			shellScript = "\"${SRCROOT}/Pods/Target Support Files/Pods-VideoFilterUITests/Pods-VideoFilterUITests-frameworks.sh\"\n";
			showEnvVarsInLog = 0;
		};
		521788E32629E7D03FAA8138 /* [CP] Embed Pods Frameworks */ = {
			isa = PBXShellScriptBuildPhase;
			buildActionMask = 2147483647;
			files = (
			);
			inputPaths = (
			);
			name = "[CP] Embed Pods Frameworks";
			outputPaths = (
			);
			runOnlyForDeploymentPostprocessing = 0;
			shellPath = /bin/sh;
			shellScript = "\"${SRCROOT}/Pods/Target Support Files/Pods-VideoFilterTests/Pods-VideoFilterTests-frameworks.sh\"\n";
			showEnvVarsInLog = 0;
		};
		74F808F038B478D6115E6C19 /* [CP] Copy Pods Resources */ = {
			isa = PBXShellScriptBuildPhase;
			buildActionMask = 2147483647;
			files = (
			);
			inputPaths = (
			);
			name = "[CP] Copy Pods Resources";
			outputPaths = (
			);
			runOnlyForDeploymentPostprocessing = 0;
			shellPath = /bin/sh;
			shellScript = "\"${SRCROOT}/Pods/Target Support Files/Pods-VideoFilterTests/Pods-VideoFilterTests-resources.sh\"\n";
			showEnvVarsInLog = 0;
		};
		79F06CBC08FDFEE9345A8297 /* [CP] Copy Pods Resources */ = {
			isa = PBXShellScriptBuildPhase;
			buildActionMask = 2147483647;
			files = (
			);
			inputPaths = (
			);
			name = "[CP] Copy Pods Resources";
			outputPaths = (
			);
			runOnlyForDeploymentPostprocessing = 0;
			shellPath = /bin/sh;
			shellScript = "\"${SRCROOT}/Pods/Target Support Files/Pods-VideoFilterUITests/Pods-VideoFilterUITests-resources.sh\"\n";
			showEnvVarsInLog = 0;
		};
		ABFC79DA7C8DC2852F07F0AB /* [CP] Check Pods Manifest.lock */ = {
			isa = PBXShellScriptBuildPhase;
			buildActionMask = 2147483647;
			files = (
			);
			inputPaths = (
			);
			name = "[CP] Check Pods Manifest.lock";
			outputPaths = (
			);
			runOnlyForDeploymentPostprocessing = 0;
			shellPath = /bin/sh;
			shellScript = "diff \"${PODS_ROOT}/../Podfile.lock\" \"${PODS_ROOT}/Manifest.lock\" > /dev/null\nif [ $? != 0 ] ; then\n    # print error to STDERR\n    echo \"error: The sandbox is not in sync with the Podfile.lock. Run 'pod install' or update your CocoaPods installation.\" >&2\n    exit 1\nfi\n";
			showEnvVarsInLog = 0;
		};
		C5C965135164D9CEBB3F3CFE /* [CP] Copy Pods Resources */ = {
			isa = PBXShellScriptBuildPhase;
			buildActionMask = 2147483647;
			files = (
			);
			inputPaths = (
			);
			name = "[CP] Copy Pods Resources";
			outputPaths = (
			);
			runOnlyForDeploymentPostprocessing = 0;
			shellPath = /bin/sh;
			shellScript = "\"${SRCROOT}/Pods/Target Support Files/Pods-VideoFilter/Pods-VideoFilter-resources.sh\"\n";
			showEnvVarsInLog = 0;
		};
		C84D87C27507BC028777541F /* [CP] Embed Pods Frameworks */ = {
			isa = PBXShellScriptBuildPhase;
			buildActionMask = 2147483647;
			files = (
			);
			inputPaths = (
			);
			name = "[CP] Embed Pods Frameworks";
			outputPaths = (
			);
			runOnlyForDeploymentPostprocessing = 0;
			shellPath = /bin/sh;
			shellScript = "\"${SRCROOT}/Pods/Target Support Files/Pods-VideoFilter/Pods-VideoFilter-frameworks.sh\"\n";
			showEnvVarsInLog = 0;
		};
		DC3CFE479D8377FC07335742 /* [CP] Check Pods Manifest.lock */ = {
			isa = PBXShellScriptBuildPhase;
			buildActionMask = 2147483647;
			files = (
			);
			inputPaths = (
			);
			name = "[CP] Check Pods Manifest.lock";
			outputPaths = (
			);
			runOnlyForDeploymentPostprocessing = 0;
			shellPath = /bin/sh;
			shellScript = "diff \"${PODS_ROOT}/../Podfile.lock\" \"${PODS_ROOT}/Manifest.lock\" > /dev/null\nif [ $? != 0 ] ; then\n    # print error to STDERR\n    echo \"error: The sandbox is not in sync with the Podfile.lock. Run 'pod install' or update your CocoaPods installation.\" >&2\n    exit 1\nfi\n";
			showEnvVarsInLog = 0;
		};
		E8CE822EC1BA060C575D0B87 /* [CP] Check Pods Manifest.lock */ = {
			isa = PBXShellScriptBuildPhase;
			buildActionMask = 2147483647;
			files = (
			);
			inputPaths = (
			);
			name = "[CP] Check Pods Manifest.lock";
			outputPaths = (
			);
			runOnlyForDeploymentPostprocessing = 0;
			shellPath = /bin/sh;
			shellScript = "diff \"${PODS_ROOT}/../Podfile.lock\" \"${PODS_ROOT}/Manifest.lock\" > /dev/null\nif [ $? != 0 ] ; then\n    # print error to STDERR\n    echo \"error: The sandbox is not in sync with the Podfile.lock. Run 'pod install' or update your CocoaPods installation.\" >&2\n    exit 1\nfi\n";
			showEnvVarsInLog = 0;
		};
/* End PBXShellScriptBuildPhase section */

/* Begin PBXSourcesBuildPhase section */
		82AB28A81E5EE9740028F528 /* Sources */ = {
			isa = PBXSourcesBuildPhase;
			buildActionMask = 2147483647;
			files = (
				82DB0EF51E6D7A6600CF1CB8 /* EchoFilter.swift in Sources */,
				82AB28DF1E5F07A30028F528 /* PlayerView.swift in Sources */,
				828457BD1E68060D009BFA43 /* VideoFilter.swift in Sources */,
				82DB0EF31E6D783C00CF1CB8 /* OriginalFilter.swift in Sources */,
				82DB0EED1E6D729A00CF1CB8 /* LightFilter.swift in Sources */,
				82E4BD4A1E6EC2B2008AF03E /* FlareFilter.swift in Sources */,
				82F976D21E643107008163E1 /* DynamicFilter.swift in Sources */,
				82AB28B21E5EE9740028F528 /* ViewController.swift in Sources */,
				82AB28B01E5EE9740028F528 /* AppDelegate.swift in Sources */,
				82DB0EEF1E6D72D400CF1CB8 /* ToyFilter.swift in Sources */,
				828457B91E67B1C9009BFA43 /* EleganceFilter.swift in Sources */,
				82DB0EEB1E6D726500CF1CB8 /* AquaFilter.swift in Sources */,
				82DB0EF11E6D733D00CF1CB8 /* AntiqueFilter.swift in Sources */,
			);
			runOnlyForDeploymentPostprocessing = 0;
		};
		82AB28BC1E5EE9740028F528 /* Sources */ = {
			isa = PBXSourcesBuildPhase;
			buildActionMask = 2147483647;
			files = (
				82AB28C51E5EE9740028F528 /* VideoFilterTests.swift in Sources */,
			);
			runOnlyForDeploymentPostprocessing = 0;
		};
		82AB28C71E5EE9740028F528 /* Sources */ = {
			isa = PBXSourcesBuildPhase;
			buildActionMask = 2147483647;
			files = (
				82AB28D01E5EE9740028F528 /* VideoFilterUITests.swift in Sources */,
			);
			runOnlyForDeploymentPostprocessing = 0;
		};
/* End PBXSourcesBuildPhase section */

/* Begin PBXTargetDependency section */
		82AB28C21E5EE9740028F528 /* PBXTargetDependency */ = {
			isa = PBXTargetDependency;
			target = 82AB28AB1E5EE9740028F528 /* VideoFilter */;
			targetProxy = 82AB28C11E5EE9740028F528 /* PBXContainerItemProxy */;
		};
		82AB28CD1E5EE9740028F528 /* PBXTargetDependency */ = {
			isa = PBXTargetDependency;
			target = 82AB28AB1E5EE9740028F528 /* VideoFilter */;
			targetProxy = 82AB28CC1E5EE9740028F528 /* PBXContainerItemProxy */;
		};
/* End PBXTargetDependency section */

/* Begin PBXVariantGroup section */
		82AB28B31E5EE9740028F528 /* Main.storyboard */ = {
			isa = PBXVariantGroup;
			children = (
				82AB28B41E5EE9740028F528 /* Base */,
			);
			name = Main.storyboard;
			sourceTree = "<group>";
		};
		82AB28B81E5EE9740028F528 /* LaunchScreen.storyboard */ = {
			isa = PBXVariantGroup;
			children = (
				82AB28B91E5EE9740028F528 /* Base */,
			);
			name = LaunchScreen.storyboard;
			sourceTree = "<group>";
		};
/* End PBXVariantGroup section */

/* Begin XCBuildConfiguration section */
		82AB28D21E5EE9740028F528 /* Debug */ = {
			isa = XCBuildConfiguration;
			buildSettings = {
				ALWAYS_SEARCH_USER_PATHS = NO;
				CLANG_ANALYZER_NONNULL = YES;
				CLANG_CXX_LANGUAGE_STANDARD = "gnu++0x";
				CLANG_CXX_LIBRARY = "libc++";
				CLANG_ENABLE_MODULES = YES;
				CLANG_ENABLE_OBJC_ARC = YES;
				CLANG_WARN_BOOL_CONVERSION = YES;
				CLANG_WARN_CONSTANT_CONVERSION = YES;
				CLANG_WARN_DIRECT_OBJC_ISA_USAGE = YES_ERROR;
				CLANG_WARN_DOCUMENTATION_COMMENTS = YES;
				CLANG_WARN_EMPTY_BODY = YES;
				CLANG_WARN_ENUM_CONVERSION = YES;
				CLANG_WARN_INFINITE_RECURSION = YES;
				CLANG_WARN_INT_CONVERSION = YES;
				CLANG_WARN_OBJC_ROOT_CLASS = YES_ERROR;
				CLANG_WARN_SUSPICIOUS_MOVE = YES;
				CLANG_WARN_UNREACHABLE_CODE = YES;
				CLANG_WARN__DUPLICATE_METHOD_MATCH = YES;
				"CODE_SIGN_IDENTITY[sdk=iphoneos*]" = "iPhone Developer";
				COPY_PHASE_STRIP = NO;
				DEBUG_INFORMATION_FORMAT = dwarf;
				ENABLE_STRICT_OBJC_MSGSEND = YES;
				ENABLE_TESTABILITY = YES;
				GCC_C_LANGUAGE_STANDARD = gnu99;
				GCC_DYNAMIC_NO_PIC = NO;
				GCC_NO_COMMON_BLOCKS = YES;
				GCC_OPTIMIZATION_LEVEL = 0;
				GCC_PREPROCESSOR_DEFINITIONS = (
					"DEBUG=1",
					"$(inherited)",
				);
				GCC_WARN_64_TO_32_BIT_CONVERSION = YES;
				GCC_WARN_ABOUT_RETURN_TYPE = YES_ERROR;
				GCC_WARN_UNDECLARED_SELECTOR = YES;
				GCC_WARN_UNINITIALIZED_AUTOS = YES_AGGRESSIVE;
				GCC_WARN_UNUSED_FUNCTION = YES;
				GCC_WARN_UNUSED_VARIABLE = YES;
				IPHONEOS_DEPLOYMENT_TARGET = 10.2;
				MTL_ENABLE_DEBUG_INFO = YES;
				ONLY_ACTIVE_ARCH = YES;
				SDKROOT = iphoneos;
				SWIFT_ACTIVE_COMPILATION_CONDITIONS = DEBUG;
				SWIFT_OPTIMIZATION_LEVEL = "-Onone";
				TARGETED_DEVICE_FAMILY = "1,2";
			};
			name = Debug;
		};
		82AB28D31E5EE9740028F528 /* Release */ = {
			isa = XCBuildConfiguration;
			buildSettings = {
				ALWAYS_SEARCH_USER_PATHS = NO;
				CLANG_ANALYZER_NONNULL = YES;
				CLANG_CXX_LANGUAGE_STANDARD = "gnu++0x";
				CLANG_CXX_LIBRARY = "libc++";
				CLANG_ENABLE_MODULES = YES;
				CLANG_ENABLE_OBJC_ARC = YES;
				CLANG_WARN_BOOL_CONVERSION = YES;
				CLANG_WARN_CONSTANT_CONVERSION = YES;
				CLANG_WARN_DIRECT_OBJC_ISA_USAGE = YES_ERROR;
				CLANG_WARN_DOCUMENTATION_COMMENTS = YES;
				CLANG_WARN_EMPTY_BODY = YES;
				CLANG_WARN_ENUM_CONVERSION = YES;
				CLANG_WARN_INFINITE_RECURSION = YES;
				CLANG_WARN_INT_CONVERSION = YES;
				CLANG_WARN_OBJC_ROOT_CLASS = YES_ERROR;
				CLANG_WARN_SUSPICIOUS_MOVE = YES;
				CLANG_WARN_UNREACHABLE_CODE = YES;
				CLANG_WARN__DUPLICATE_METHOD_MATCH = YES;
				"CODE_SIGN_IDENTITY[sdk=iphoneos*]" = "iPhone Developer";
				COPY_PHASE_STRIP = NO;
				DEBUG_INFORMATION_FORMAT = "dwarf-with-dsym";
				ENABLE_NS_ASSERTIONS = NO;
				ENABLE_STRICT_OBJC_MSGSEND = YES;
				GCC_C_LANGUAGE_STANDARD = gnu99;
				GCC_NO_COMMON_BLOCKS = YES;
				GCC_WARN_64_TO_32_BIT_CONVERSION = YES;
				GCC_WARN_ABOUT_RETURN_TYPE = YES_ERROR;
				GCC_WARN_UNDECLARED_SELECTOR = YES;
				GCC_WARN_UNINITIALIZED_AUTOS = YES_AGGRESSIVE;
				GCC_WARN_UNUSED_FUNCTION = YES;
				GCC_WARN_UNUSED_VARIABLE = YES;
				IPHONEOS_DEPLOYMENT_TARGET = 10.2;
				MTL_ENABLE_DEBUG_INFO = NO;
				SDKROOT = iphoneos;
				SWIFT_OPTIMIZATION_LEVEL = "-Owholemodule";
				TARGETED_DEVICE_FAMILY = "1,2";
				VALIDATE_PRODUCT = YES;
			};
			name = Release;
		};
		82AB28D51E5EE9740028F528 /* Debug */ = {
			isa = XCBuildConfiguration;
			baseConfigurationReference = 7298F1D3CD4DB876FE01AC94 /* Pods-VideoFilter.debug.xcconfig */;
			buildSettings = {
				ASSETCATALOG_COMPILER_APPICON_NAME = AppIcon;
				DEVELOPMENT_TEAM = 2L63G689GW;
				INFOPLIST_FILE = VideoFilter/Info.plist;
				LD_RUNPATH_SEARCH_PATHS = "$(inherited) @executable_path/Frameworks";
				PRODUCT_BUNDLE_IDENTIFIER = industries.dope.VideoFilter;
				PRODUCT_NAME = "$(TARGET_NAME)";
				SWIFT_VERSION = 3.0;
			};
			name = Debug;
		};
		82AB28D61E5EE9740028F528 /* Release */ = {
			isa = XCBuildConfiguration;
			baseConfigurationReference = 7DB6F0A90365823E51CFBB73 /* Pods-VideoFilter.release.xcconfig */;
			buildSettings = {
				ASSETCATALOG_COMPILER_APPICON_NAME = AppIcon;
				DEVELOPMENT_TEAM = 2L63G689GW;
				INFOPLIST_FILE = VideoFilter/Info.plist;
				LD_RUNPATH_SEARCH_PATHS = "$(inherited) @executable_path/Frameworks";
				PRODUCT_BUNDLE_IDENTIFIER = industries.dope.VideoFilter;
				PRODUCT_NAME = "$(TARGET_NAME)";
				SWIFT_VERSION = 3.0;
			};
			name = Release;
		};
		82AB28D81E5EE9740028F528 /* Debug */ = {
			isa = XCBuildConfiguration;
			baseConfigurationReference = E87E9217945DCE27743B9EDC /* Pods-VideoFilterTests.debug.xcconfig */;
			buildSettings = {
				ALWAYS_EMBED_SWIFT_STANDARD_LIBRARIES = YES;
				BUNDLE_LOADER = "$(TEST_HOST)";
				DEVELOPMENT_TEAM = 2L63G689GW;
				INFOPLIST_FILE = VideoFilterTests/Info.plist;
				LD_RUNPATH_SEARCH_PATHS = "$(inherited) @executable_path/Frameworks @loader_path/Frameworks";
				PRODUCT_BUNDLE_IDENTIFIER = industries.dope.VideoFilterTests;
				PRODUCT_NAME = "$(TARGET_NAME)";
				SWIFT_VERSION = 3.0;
				TEST_HOST = "$(BUILT_PRODUCTS_DIR)/VideoFilter.app/VideoFilter";
			};
			name = Debug;
		};
		82AB28D91E5EE9740028F528 /* Release */ = {
			isa = XCBuildConfiguration;
			baseConfigurationReference = 76C826ADA81B458D6FE0A024 /* Pods-VideoFilterTests.release.xcconfig */;
			buildSettings = {
				ALWAYS_EMBED_SWIFT_STANDARD_LIBRARIES = YES;
				BUNDLE_LOADER = "$(TEST_HOST)";
				DEVELOPMENT_TEAM = 2L63G689GW;
				INFOPLIST_FILE = VideoFilterTests/Info.plist;
				LD_RUNPATH_SEARCH_PATHS = "$(inherited) @executable_path/Frameworks @loader_path/Frameworks";
				PRODUCT_BUNDLE_IDENTIFIER = industries.dope.VideoFilterTests;
				PRODUCT_NAME = "$(TARGET_NAME)";
				SWIFT_VERSION = 3.0;
				TEST_HOST = "$(BUILT_PRODUCTS_DIR)/VideoFilter.app/VideoFilter";
			};
			name = Release;
		};
		82AB28DB1E5EE9740028F528 /* Debug */ = {
			isa = XCBuildConfiguration;
			baseConfigurationReference = BC8380FD259B55995CD36D07 /* Pods-VideoFilterUITests.debug.xcconfig */;
			buildSettings = {
				ALWAYS_EMBED_SWIFT_STANDARD_LIBRARIES = YES;
				DEVELOPMENT_TEAM = 2L63G689GW;
				INFOPLIST_FILE = VideoFilterUITests/Info.plist;
				LD_RUNPATH_SEARCH_PATHS = "$(inherited) @executable_path/Frameworks @loader_path/Frameworks";
				PRODUCT_BUNDLE_IDENTIFIER = industries.dope.VideoFilterUITests;
				PRODUCT_NAME = "$(TARGET_NAME)";
				SWIFT_VERSION = 3.0;
				TEST_TARGET_NAME = VideoFilter;
			};
			name = Debug;
		};
		82AB28DC1E5EE9740028F528 /* Release */ = {
			isa = XCBuildConfiguration;
			baseConfigurationReference = 18C4E19FD8E199C8F1CBCE7A /* Pods-VideoFilterUITests.release.xcconfig */;
			buildSettings = {
				ALWAYS_EMBED_SWIFT_STANDARD_LIBRARIES = YES;
				DEVELOPMENT_TEAM = 2L63G689GW;
				INFOPLIST_FILE = VideoFilterUITests/Info.plist;
				LD_RUNPATH_SEARCH_PATHS = "$(inherited) @executable_path/Frameworks @loader_path/Frameworks";
				PRODUCT_BUNDLE_IDENTIFIER = industries.dope.VideoFilterUITests;
				PRODUCT_NAME = "$(TARGET_NAME)";
				SWIFT_VERSION = 3.0;
				TEST_TARGET_NAME = VideoFilter;
			};
			name = Release;
		};
/* End XCBuildConfiguration section */

/* Begin XCConfigurationList section */
		82AB28A71E5EE9730028F528 /* Build configuration list for PBXProject "VideoFilter" */ = {
			isa = XCConfigurationList;
			buildConfigurations = (
				82AB28D21E5EE9740028F528 /* Debug */,
				82AB28D31E5EE9740028F528 /* Release */,
			);
			defaultConfigurationIsVisible = 0;
			defaultConfigurationName = Release;
		};
		82AB28D41E5EE9740028F528 /* Build configuration list for PBXNativeTarget "VideoFilter" */ = {
			isa = XCConfigurationList;
			buildConfigurations = (
				82AB28D51E5EE9740028F528 /* Debug */,
				82AB28D61E5EE9740028F528 /* Release */,
			);
			defaultConfigurationIsVisible = 0;
			defaultConfigurationName = Release;
		};
		82AB28D71E5EE9740028F528 /* Build configuration list for PBXNativeTarget "VideoFilterTests" */ = {
			isa = XCConfigurationList;
			buildConfigurations = (
				82AB28D81E5EE9740028F528 /* Debug */,
				82AB28D91E5EE9740028F528 /* Release */,
			);
			defaultConfigurationIsVisible = 0;
			defaultConfigurationName = Release;
		};
		82AB28DA1E5EE9740028F528 /* Build configuration list for PBXNativeTarget "VideoFilterUITests" */ = {
			isa = XCConfigurationList;
			buildConfigurations = (
				82AB28DB1E5EE9740028F528 /* Debug */,
				82AB28DC1E5EE9740028F528 /* Release */,
			);
			defaultConfigurationIsVisible = 0;
			defaultConfigurationName = Release;
		};
/* End XCConfigurationList section */
	};
	rootObject = 82AB28A41E5EE9730028F528 /* Project object */;
}
